
Microsoft Visual Studio Solution File, Format Version 12.00
# Visual Studio Version 16
VisualStudioVersion = 16.0.29418.71
MinimumVisualStudioVersion = 10.0.40219.1
Project("{FAE04EC0-301F-11D3-BF4B-00C04F79EFBC}") = "practica 1", "practica 1\practica 1.csproj", "{5ACC0FC2-5CC9-4490-9FD5-45A6771E7276}"
EndProject
Project("{FAE04EC0-301F-11D3-BF4B-00C04F79EFBC}") = "Practica 2", "Practica 2\Practica 2.csproj", "{722B7151-0D6D-4742-98EF-E2F17A526432}"
EndProject
Project("{FAE04EC0-301F-11D3-BF4B-00C04F79EFBC}") = "Practica3", "Practica3\Practica3.csproj", "{2E157968-62A5-456B-B3FE-3BABB051063F}"
EndProject
Project("{FAE04EC0-301F-11D3-BF4B-00C04F79EFBC}") = "Practica 4", "Practica 4\Practica 4.csproj", "{262C4B80-F247-4D48-A37F-2C386E127284}"
EndProject
Global
	GlobalSection(SolutionConfigurationPlatforms) = preSolution
		Debug|Any CPU = Debug|Any CPU
		Release|Any CPU = Release|Any CPU
	EndGlobalSection
	GlobalSection(ProjectConfigurationPlatforms) = postSolution
		{5ACC0FC2-5CC9-4490-9FD5-45A6771E7276}.Debug|Any CPU.ActiveCfg = Debug|Any CPU
		{5ACC0FC2-5CC9-4490-9FD5-45A6771E7276}.Debug|Any CPU.Build.0 = Debug|Any CPU
		{5ACC0FC2-5CC9-4490-9FD5-45A6771E7276}.Release|Any CPU.ActiveCfg = Release|Any CPU
		{5ACC0FC2-5CC9-4490-9FD5-45A6771E7276}.Release|Any CPU.Build.0 = Release|Any CPU
		{722B7151-0D6D-4742-98EF-E2F17A526432}.Debug|Any CPU.ActiveCfg = Debug|Any CPU
		{722B7151-0D6D-4742-98EF-E2F17A526432}.Debug|Any CPU.Build.0 = Debug|Any CPU
		{722B7151-0D6D-4742-98EF-E2F17A526432}.Release|Any CPU.ActiveCfg = Release|Any CPU
		{722B7151-0D6D-4742-98EF-E2F17A526432}.Release|Any CPU.Build.0 = Release|Any CPU
		{2E157968-62A5-456B-B3FE-3BABB051063F}.Debug|Any CPU.ActiveCfg = Debug|Any CPU
		{2E157968-62A5-456B-B3FE-3BABB051063F}.Debug|Any CPU.Build.0 = Debug|Any CPU
		{2E157968-62A5-456B-B3FE-3BABB051063F}.Release|Any CPU.ActiveCfg = Release|Any CPU
		{2E157968-62A5-456B-B3FE-3BABB051063F}.Release|Any CPU.Build.0 = Release|Any CPU
		{262C4B80-F247-4D48-A37F-2C386E127284}.Debug|Any CPU.ActiveCfg = Debug|Any CPU
		{262C4B80-F247-4D48-A37F-2C386E127284}.Debug|Any CPU.Build.0 = Debug|Any CPU
		{262C4B80-F247-4D48-A37F-2C386E127284}.Release|Any CPU.ActiveCfg = Release|Any CPU
		{262C4B80-F247-4D48-A37F-2C386E127284}.Release|Any CPU.Build.0 = Release|Any CPU
	EndGlobalSection
	GlobalSection(SolutionProperties) = preSolution
		HideSolutionNode = FALSE
	EndGlobalSection
	GlobalSection(ExtensibilityGlobals) = postSolution
		SolutionGuid = {8F2F3045-3960-4A30-BFFB-3B3A78D779B5}
	EndGlobalSection
EndGlobal
